Microsoft Visual Studio Solution File, Format Version 11.00
# Visual Studio 2019

Project("{8BC9CEB8-8B4A-11D0-8D11-00A0C91BC942}") = "EZDSP - Standalone Plugin", "EZDSP_StandalonePlugin.vcxproj", "{75506332-47B5-A058-75E8-10357B6F3BE0}"
	ProjectSection(ProjectDependencies) = postProject
		{9B9DF60D-5F6A-FED4-C674-24C70E19FF22} = {9B9DF60D-5F6A-FED4-C674-24C70E19FF22}
	EndProjectSection
EndProject
Project("{8BC9CEB8-8B4A-11D0-8D11-00A0C91BC942}") = "EZDSP - VST3", "EZDSP_VST3.vcxproj", "{36596CA8-E41C-7011-7840-8E88E30F8D92}"
	ProjectSection(ProjectDependencies) = postProject
		{9B9DF60D-5F6A-FED4-C674-24C70E19FF22} = {9B9DF60D-5F6A-FED4-C674-24C70E19FF22}
	EndProjectSection
EndProject
Project("{8BC9CEB8-8B4A-11D0-8D11-00A0C91BC942}") = "EZDSP - Shared Code", "EZDSP_SharedCode.vcxproj", "{9B9DF60D-5F6A-FED4-C674-24C70E19FF22}"
EndProject
Global
	GlobalSection(SolutionConfigurationPlatforms) = preSolution
		Debug|x64 = Debug|x64
		Release|x64 = Release|x64
	EndGlobalSection
	GlobalSection(ProjectConfigurationPlatforms) = postSolution
		{36596CA8-E41C-7011-7840-8E88E30F8D92}.Debug|x64.ActiveCfg = Debug|x64
		{36596CA8-E41C-7011-7840-8E88E30F8D92}.Debug|x64.Build.0 = Debug|x64
		{36596CA8-E41C-7011-7840-8E88E30F8D92}.Release|x64.ActiveCfg = Release|x64
		{36596CA8-E41C-7011-7840-8E88E30F8D92}.Release|x64.Build.0 = Release|x64
		{75506332-47B5-A058-75E8-10357B6F3BE0}.Debug|x64.ActiveCfg = Debug|x64
		{75506332-47B5-A058-75E8-10357B6F3BE0}.Debug|x64.Build.0 = Debug|x64
		{75506332-47B5-A058-75E8-10357B6F3BE0}.Release|x64.ActiveCfg = Release|x64
		{75506332-47B5-A058-75E8-10357B6F3BE0}.Release|x64.Build.0 = Release|x64
		{9B9DF60D-5F6A-FED4-C674-24C70E19FF22}.Debug|x64.ActiveCfg = Debug|x64
		{9B9DF60D-5F6A-FED4-C674-24C70E19FF22}.Debug|x64.Build.0 = Debug|x64
		{9B9DF60D-5F6A-FED4-C674-24C70E19FF22}.Release|x64.ActiveCfg = Release|x64
		{9B9DF60D-5F6A-FED4-C674-24C70E19FF22}.Release|x64.Build.0 = Release|x64
	EndGlobalSection
	GlobalSection(SolutionProperties) = preSolution
		HideSolutionNode = FALSE
	EndGlobalSection
EndGlobal
